
Microsoft Visual Studio Solution File, Format Version 12.00
# Visual Studio Version 16
VisualStudioVersion = 16.0.31227.52
MinimumVisualStudioVersion = 10.0.40219.1
Project("{FAE04EC0-301F-11D3-BF4B-00C04F79EFBC}") = "TestSamples", "TestSamples\TestSamples.csproj", "{55CC43DE-7ED5-4167-82DF-CBE800F10546}"
EndProject
Project("{2150E333-8FDC-42A3-9474-1A3956D46DE8}") = "Solution Items", "Solution Items", "{5934F60B-ADE9-42EF-9603-9F29BB22FA37}"
	ProjectSection(SolutionItems) = preProject
		Dockerfile = Dockerfile
		Dockerfile-31 = Dockerfile-31
		Dockerfile-60p3 = Dockerfile-60p3
		testEnvironments.json = testEnvironments.json
	EndProjectSection
EndProject
Global
	GlobalSection(SolutionConfigurationPlatforms) = preSolution
		Debug|Any CPU = Debug|Any CPU
		Release|Any CPU = Release|Any CPU
	EndGlobalSection
	GlobalSection(ProjectConfigurationPlatforms) = postSolution
		{55CC43DE-7ED5-4167-82DF-CBE800F10546}.Debug|Any CPU.ActiveCfg = Debug|Any CPU
		{55CC43DE-7ED5-4167-82DF-CBE800F10546}.Debug|Any CPU.Build.0 = Debug|Any CPU
		{55CC43DE-7ED5-4167-82DF-CBE800F10546}.Release|Any CPU.ActiveCfg = Release|Any CPU
		{55CC43DE-7ED5-4167-82DF-CBE800F10546}.Release|Any CPU.Build.0 = Release|Any CPU
	EndGlobalSection
	GlobalSection(SolutionProperties) = preSolution
		HideSolutionNode = FALSE
	EndGlobalSection
	GlobalSection(ExtensibilityGlobals) = postSolution
		SolutionGuid = {DE600299-3BCC-4577-82F0-3DD6E186170D}
	EndGlobalSection
EndGlobal
